PODS:
  - IQActionSheetPickerView (2.0.0)

DEPENDENCIES:
  - IQActionSheetPickerView (from `.`)

EXTERNAL SOURCES:
  IQActionSheetPickerView:
    :path: "."

SPEC CHECKSUMS:
  IQActionSheetPickerView: 7986373d485f144589eec2c7c3014645c885f38b

PODFILE CHECKSUM: ae2fed1d52826c80f1031ea4dfbdd5cfce1feef2

COCOAPODS: 1.9.3
